{
  "name": "do-dad",
  "version": "0.1.0",
  "lockfileVersion": 1,
  "requires": true,
  "dependencies": {
    "squish-071": {
      "version": "npm:squishjs@0.7.1",
      "resolved": "https://registry.npmjs.org/squishjs/-/squishjs-0.7.1.tgz",
      "integrity": "sha512-GefD1E+1gbyS4krUDqwAv0aKUjSFHK3fHCZSZcEIH9o6bMvwXKnfQARY0C69KCQ2jZe7/zqSIkkhiQ2B1i4eEg=="
    }
  }
}
