{
  "name": "do-dad",
  "version": "0.1.0",
  "lockfileVersion": 1,
  "requires": true,
  "dependencies": {
    "squishjs": {
      "version": "0.6.33",
      "resolved": "https://registry.npmjs.org/squishjs/-/squishjs-0.6.33.tgz",
      "integrity": "sha512-HS0wnh3kjS0VLYg0iNbYqOSbVOolU4d9EVF+7vg+UAAONmgQYVUs0yvMyvCz8GN0PXciM9sbO1P4AXfqBIoItQ=="
    }
  }
}
