{
  "name": "do-dad",
  "version": "0.1.0",
  "lockfileVersion": 1,
  "requires": true,
  "dependencies": {
    "squish-0750": {
      "version": "npm:squishjs@0.7.5",
      "resolved": "https://registry.npmjs.org/squishjs/-/squishjs-0.7.5.tgz",
      "integrity": "sha512-ujdVKqloMZnsQLpp8yiOpf4Mqub4Mhi/cYvU8wWQ+Vqr/ThbaVI0FxZHwRLgN+FqUYXbvU/6O8ZB4J6xkrsqHg=="
    }
  }
}
